
Microsoft Visual Studio Solution File, Format Version 12.00
# Visual Studio Version 17
VisualStudioVersion = 17.4.33205.214
MinimumVisualStudioVersion = 10.0.40219.1
Project("{54A90642-561A-4BB1-A94E-469ADEE60C69}") = "EventTracingFrontend", "EventTracingFrontend\EventTracingFrontend.esproj", "{9C150C94-9C71-40E5-B389-82C5AF3AF105}"
EndProject
Project("{FAE04EC0-301F-11D3-BF4B-00C04F79EFBC}") = "EventTracingBackend", "EventTracingBackend\EventTracingBackend.csproj", "{99EE9DA4-A054-4D55-B9BD-BEF14951664D}"
EndProject
Global
	GlobalSection(SolutionConfigurationPlatforms) = preSolution
		Debug|Any CPU = Debug|Any CPU
		Release|Any CPU = Release|Any CPU
	EndGlobalSection
	GlobalSection(ProjectConfigurationPlatforms) = postSolution
		{9C150C94-9C71-40E5-B389-82C5AF3AF105}.Debug|Any CPU.ActiveCfg = Debug|Any CPU
		{9C150C94-9C71-40E5-B389-82C5AF3AF105}.Debug|Any CPU.Build.0 = Debug|Any CPU
		{9C150C94-9C71-40E5-B389-82C5AF3AF105}.Debug|Any CPU.Deploy.0 = Debug|Any CPU
		{9C150C94-9C71-40E5-B389-82C5AF3AF105}.Release|Any CPU.ActiveCfg = Release|Any CPU
		{9C150C94-9C71-40E5-B389-82C5AF3AF105}.Release|Any CPU.Build.0 = Release|Any CPU
		{9C150C94-9C71-40E5-B389-82C5AF3AF105}.Release|Any CPU.Deploy.0 = Release|Any CPU
		{99EE9DA4-A054-4D55-B9BD-BEF14951664D}.Debug|Any CPU.ActiveCfg = Debug|Any CPU
		{99EE9DA4-A054-4D55-B9BD-BEF14951664D}.Debug|Any CPU.Build.0 = Debug|Any CPU
		{99EE9DA4-A054-4D55-B9BD-BEF14951664D}.Release|Any CPU.ActiveCfg = Release|Any CPU
		{99EE9DA4-A054-4D55-B9BD-BEF14951664D}.Release|Any CPU.Build.0 = Release|Any CPU
	EndGlobalSection
	GlobalSection(SolutionProperties) = preSolution
		HideSolutionNode = FALSE
	EndGlobalSection
	GlobalSection(ExtensibilityGlobals) = postSolution
		SolutionGuid = {8122C4E4-1236-45EE-800E-1DCD8D86F548}
	EndGlobalSection
EndGlobal
